
Microsoft Visual Studio Solution File, Format Version 12.00
# Visual Studio 14
VisualStudioVersion = 14.0.25420.1
MinimumVisualStudioVersion = 10.0.40219.1
Project("{FAE04EC0-301F-11D3-BF4B-00C04F79EFBC}") = "InventoryMgmt", "InventoryMgmt\InventoryMgmt.csproj", "{DE15406B-2762-455E-A9CE-6C15FF29106C}"
EndProject
Project("{FAE04EC0-301F-11D3-BF4B-00C04F79EFBC}") = "Nepaltech.ClientsApis.Inventory", "Nepaltech.ClientsApis.Inventory\Nepaltech.ClientsApis.Inventory.csproj", "{9EED6A18-1094-46FD-AB31-4FF4997437CF}"
EndProject
Project("{FAE04EC0-301F-11D3-BF4B-00C04F79EFBC}") = "Hatchery.Web", "Hatchery.Web\Hatchery.Web.csproj", "{B8190DDC-B917-43CC-8EE5-D67C201C25CC}"
EndProject
Project("{FAE04EC0-301F-11D3-BF4B-00C04F79EFBC}") = "Nepaltech", "Nepaltech\Nepaltech.csproj", "{2D4DE389-7788-4F99-B43A-791240179658}"
EndProject
Project("{2150E333-8FDC-42A3-9474-1A3956D46DE8}") = "code", "code", "{6C732291-12C0-45C8-A52B-E64B2CB284F3}"
EndProject
Global
	GlobalSection(SolutionConfigurationPlatforms) = preSolution
		Debug|Any CPU = Debug|Any CPU
		Release|Any CPU = Release|Any CPU
	EndGlobalSection
	GlobalSection(ProjectConfigurationPlatforms) = postSolution
		{DE15406B-2762-455E-A9CE-6C15FF29106C}.Debug|Any CPU.ActiveCfg = Debug|Any CPU
		{DE15406B-2762-455E-A9CE-6C15FF29106C}.Debug|Any CPU.Build.0 = Debug|Any CPU
		{DE15406B-2762-455E-A9CE-6C15FF29106C}.Release|Any CPU.ActiveCfg = Release|Any CPU
		{DE15406B-2762-455E-A9CE-6C15FF29106C}.Release|Any CPU.Build.0 = Release|Any CPU
		{9EED6A18-1094-46FD-AB31-4FF4997437CF}.Debug|Any CPU.ActiveCfg = Debug|Any CPU
		{9EED6A18-1094-46FD-AB31-4FF4997437CF}.Debug|Any CPU.Build.0 = Debug|Any CPU
		{9EED6A18-1094-46FD-AB31-4FF4997437CF}.Release|Any CPU.ActiveCfg = Release|Any CPU
		{9EED6A18-1094-46FD-AB31-4FF4997437CF}.Release|Any CPU.Build.0 = Release|Any CPU
		{B8190DDC-B917-43CC-8EE5-D67C201C25CC}.Debug|Any CPU.ActiveCfg = Debug|Any CPU
		{B8190DDC-B917-43CC-8EE5-D67C201C25CC}.Debug|Any CPU.Build.0 = Debug|Any CPU
		{B8190DDC-B917-43CC-8EE5-D67C201C25CC}.Release|Any CPU.ActiveCfg = Release|Any CPU
		{B8190DDC-B917-43CC-8EE5-D67C201C25CC}.Release|Any CPU.Build.0 = Release|Any CPU
		{2D4DE389-7788-4F99-B43A-791240179658}.Debug|Any CPU.ActiveCfg = Debug|Any CPU
		{2D4DE389-7788-4F99-B43A-791240179658}.Debug|Any CPU.Build.0 = Debug|Any CPU
		{2D4DE389-7788-4F99-B43A-791240179658}.Release|Any CPU.ActiveCfg = Release|Any CPU
		{2D4DE389-7788-4F99-B43A-791240179658}.Release|Any CPU.Build.0 = Release|Any CPU
	EndGlobalSection
	GlobalSection(SolutionProperties) = preSolution
		HideSolutionNode = FALSE
	EndGlobalSection
	GlobalSection(NestedProjects) = preSolution
		{9EED6A18-1094-46FD-AB31-4FF4997437CF} = {6C732291-12C0-45C8-A52B-E64B2CB284F3}
		{2D4DE389-7788-4F99-B43A-791240179658} = {6C732291-12C0-45C8-A52B-E64B2CB284F3}
	EndGlobalSection
	GlobalSection(ExtensibilityGlobals) = postSolution
		SolutionGuid = {E16F3D8C-FEE8-479E-AB66-88C8A25F0B85}
	EndGlobalSection
EndGlobal
